
Microsoft Visual Studio Solution File, Format Version 12.00
# Visual Studio Version 16
VisualStudioVersion = 16.0.29613.14
MinimumVisualStudioVersion = 10.0.40219.1
Project("{FAE04EC0-301F-11D3-BF4B-00C04F79EFBC}") = "lab2.matrix", "lab2.matrix\lab2.matrix.csproj", "{FBABB770-21C4-4190-BD62-196631D066F9}"
EndProject
Global
	GlobalSection(SolutionConfigurationPlatforms) = preSolution
		Debug|Any CPU = Debug|Any CPU
		Release|Any CPU = Release|Any CPU
	EndGlobalSection
	GlobalSection(ProjectConfigurationPlatforms) = postSolution
		{FBABB770-21C4-4190-BD62-196631D066F9}.Debug|Any CPU.ActiveCfg = Debug|Any CPU
		{FBABB770-21C4-4190-BD62-196631D066F9}.Debug|Any CPU.Build.0 = Debug|Any CPU
		{FBABB770-21C4-4190-BD62-196631D066F9}.Release|Any CPU.ActiveCfg = Release|Any CPU
		{FBABB770-21C4-4190-BD62-196631D066F9}.Release|Any CPU.Build.0 = Release|Any CPU
	EndGlobalSection
	GlobalSection(SolutionProperties) = preSolution
		HideSolutionNode = FALSE
	EndGlobalSection
	GlobalSection(ExtensibilityGlobals) = postSolution
		SolutionGuid = {9D0726C4-ED3A-471E-92BA-C2AA587FC7CE}
	EndGlobalSection
EndGlobal
