
Microsoft Visual Studio Solution File, Format Version 12.00
# Visual Studio Version 16
VisualStudioVersion = 16.0.29613.14
MinimumVisualStudioVersion = 10.0.40219.1
Project("{FAE04EC0-301F-11D3-BF4B-00C04F79EFBC}") = "ThreadLab1", "ThreadLab1\ThreadLab1.csproj", "{BCDAAB2E-D1D1-4D60-B9BC-844DE7A10145}"
EndProject
Global
	GlobalSection(SolutionConfigurationPlatforms) = preSolution
		Debug|Any CPU = Debug|Any CPU
		Release|Any CPU = Release|Any CPU
	EndGlobalSection
	GlobalSection(ProjectConfigurationPlatforms) = postSolution
		{BCDAAB2E-D1D1-4D60-B9BC-844DE7A10145}.Debug|Any CPU.ActiveCfg = Debug|Any CPU
		{BCDAAB2E-D1D1-4D60-B9BC-844DE7A10145}.Debug|Any CPU.Build.0 = Debug|Any CPU
		{BCDAAB2E-D1D1-4D60-B9BC-844DE7A10145}.Release|Any CPU.ActiveCfg = Release|Any CPU
		{BCDAAB2E-D1D1-4D60-B9BC-844DE7A10145}.Release|Any CPU.Build.0 = Release|Any CPU
	EndGlobalSection
	GlobalSection(SolutionProperties) = preSolution
		HideSolutionNode = FALSE
	EndGlobalSection
	GlobalSection(ExtensibilityGlobals) = postSolution
		SolutionGuid = {28F34470-F6B6-4DC8-AA41-1EB49CDB69E2}
	EndGlobalSection
EndGlobal
